
Microsoft Visual Studio Solution File, Format Version 12.00
# Visual Studio Version 17
VisualStudioVersion = 17.14.37301.10
MinimumVisualStudioVersion = 10.0.40219.1
Project("{FAE04EC0-301F-11D3-BF4B-00C04F79EFBC}") = "SEALHackathonSystem", "SEAL Hackathon\SEALHackathonSystem.csproj", "{BD13FCA3-9E18-4CAE-AD59-01F1A7FD51B4}"
EndProject
Project("{FAE04EC0-301F-11D3-BF4B-00C04F79EFBC}") = "DataAccessLayer", "DAL\DataAccessLayer.csproj", "{0236DAF3-9632-4D87-B2C2-3B9DB67575A4}"
EndProject
Project("{FAE04EC0-301F-11D3-BF4B-00C04F79EFBC}") = "BusinessLogicLayer", "BLL\BusinessLogicLayer.csproj", "{783B5B61-E836-4ADA-9FE6-57027F6A74E9}"
EndProject
Project("{FAE04EC0-301F-11D3-BF4B-00C04F79EFBC}") = "SEALHackathonSystem.Tests", "SEALHackathonSystem.Tests\SEALHackathonSystem.Tests.csproj", "{FB764B9B-6854-4129-994D-8E2949389C7A}"
EndProject
Global
	GlobalSection(SolutionConfigurationPlatforms) = preSolution
		Debug|Any CPU = Debug|Any CPU
		Debug|x64 = Debug|x64
		Debug|x86 = Debug|x86
		Release|Any CPU = Release|Any CPU
		Release|x64 = Release|x64
		Release|x86 = Release|x86
	EndGlobalSection
	GlobalSection(ProjectConfigurationPlatforms) = postSolution
		{BD13FCA3-9E18-4CAE-AD59-01F1A7FD51B4}.Debug|Any CPU.ActiveCfg = Debug|Any CPU
		{BD13FCA3-9E18-4CAE-AD59-01F1A7FD51B4}.Debug|Any CPU.Build.0 = Debug|Any CPU
		{BD13FCA3-9E18-4CAE-AD59-01F1A7FD51B4}.Debug|x64.ActiveCfg = Debug|Any CPU
		{BD13FCA3-9E18-4CAE-AD59-01F1A7FD51B4}.Debug|x64.Build.0 = Debug|Any CPU
		{BD13FCA3-9E18-4CAE-AD59-01F1A7FD51B4}.Debug|x86.ActiveCfg = Debug|Any CPU
		{BD13FCA3-9E18-4CAE-AD59-01F1A7FD51B4}.Debug|x86.Build.0 = Debug|Any CPU
		{BD13FCA3-9E18-4CAE-AD59-01F1A7FD51B4}.Release|Any CPU.ActiveCfg = Release|Any CPU
		{BD13FCA3-9E18-4CAE-AD59-01F1A7FD51B4}.Release|Any CPU.Build.0 = Release|Any CPU
		{BD13FCA3-9E18-4CAE-AD59-01F1A7FD51B4}.Release|x64.ActiveCfg = Release|Any CPU
		{BD13FCA3-9E18-4CAE-AD59-01F1A7FD51B4}.Release|x64.Build.0 = Release|Any CPU
		{BD13FCA3-9E18-4CAE-AD59-01F1A7FD51B4}.Release|x86.ActiveCfg = Release|Any CPU
		{BD13FCA3-9E18-4CAE-AD59-01F1A7FD51B4}.Release|x86.Build.0 = Release|Any CPU
		{0236DAF3-9632-4D87-B2C2-3B9DB67575A4}.Debug|Any CPU.ActiveCfg = Debug|Any CPU
		{0236DAF3-9632-4D87-B2C2-3B9DB67575A4}.Debug|Any CPU.Build.0 = Debug|Any CPU
		{0236DAF3-9632-4D87-B2C2-3B9DB67575A4}.Debug|x64.ActiveCfg = Debug|Any CPU
		{0236DAF3-9632-4D87-B2C2-3B9DB67575A4}.Debug|x64.Build.0 = Debug|Any CPU
		{0236DAF3-9632-4D87-B2C2-3B9DB67575A4}.Debug|x86.ActiveCfg = Debug|Any CPU
		{0236DAF3-9632-4D87-B2C2-3B9DB67575A4}.Debug|x86.Build.0 = Debug|Any CPU
		{0236DAF3-9632-4D87-B2C2-3B9DB67575A4}.Release|Any CPU.ActiveCfg = Release|Any CPU
		{0236DAF3-9632-4D87-B2C2-3B9DB67575A4}.Release|Any CPU.Build.0 = Release|Any CPU
		{0236DAF3-9632-4D87-B2C2-3B9DB67575A4}.Release|x64.ActiveCfg = Release|Any CPU
		{0236DAF3-9632-4D87-B2C2-3B9DB67575A4}.Release|x64.Build.0 = Release|Any CPU
		{0236DAF3-9632-4D87-B2C2-3B9DB67575A4}.Release|x86.ActiveCfg = Release|Any CPU
		{0236DAF3-9632-4D87-B2C2-3B9DB67575A4}.Release|x86.Build.0 = Release|Any CPU
		{783B5B61-E836-4ADA-9FE6-57027F6A74E9}.Debug|Any CPU.ActiveCfg = Debug|Any CPU
		{783B5B61-E836-4ADA-9FE6-57027F6A74E9}.Debug|Any CPU.Build.0 = Debug|Any CPU
		{783B5B61-E836-4ADA-9FE6-57027F6A74E9}.Debug|x64.ActiveCfg = Debug|Any CPU
		{783B5B61-E836-4ADA-9FE6-57027F6A74E9}.Debug|x64.Build.0 = Debug|Any CPU
		{783B5B61-E836-4ADA-9FE6-57027F6A74E9}.Debug|x86.ActiveCfg = Debug|Any CPU
		{783B5B61-E836-4ADA-9FE6-57027F6A74E9}.Debug|x86.Build.0 = Debug|Any CPU
		{783B5B61-E836-4ADA-9FE6-57027F6A74E9}.Release|Any CPU.ActiveCfg = Release|Any CPU
		{783B5B61-E836-4ADA-9FE6-57027F6A74E9}.Release|Any CPU.Build.0 = Release|Any CPU
		{783B5B61-E836-4ADA-9FE6-57027F6A74E9}.Release|x64.ActiveCfg = Release|Any CPU
		{783B5B61-E836-4ADA-9FE6-57027F6A74E9}.Release|x64.Build.0 = Release|Any CPU
		{783B5B61-E836-4ADA-9FE6-57027F6A74E9}.Release|x86.ActiveCfg = Release|Any CPU
		{783B5B61-E836-4ADA-9FE6-57027F6A74E9}.Release|x86.Build.0 = Release|Any CPU
		{FB764B9B-6854-4129-994D-8E2949389C7A}.Debug|Any CPU.ActiveCfg = Debug|Any CPU
		{FB764B9B-6854-4129-994D-8E2949389C7A}.Debug|Any CPU.Build.0 = Debug|Any CPU
		{FB764B9B-6854-4129-994D-8E2949389C7A}.Debug|x64.ActiveCfg = Debug|Any CPU
		{FB764B9B-6854-4129-994D-8E2949389C7A}.Debug|x64.Build.0 = Debug|Any CPU
		{FB764B9B-6854-4129-994D-8E2949389C7A}.Debug|x86.ActiveCfg = Debug|Any CPU
		{FB764B9B-6854-4129-994D-8E2949389C7A}.Debug|x86.Build.0 = Debug|Any CPU
		{FB764B9B-6854-4129-994D-8E2949389C7A}.Release|Any CPU.ActiveCfg = Release|Any CPU
		{FB764B9B-6854-4129-994D-8E2949389C7A}.Release|Any CPU.Build.0 = Release|Any CPU
		{FB764B9B-6854-4129-994D-8E2949389C7A}.Release|x64.ActiveCfg = Release|Any CPU
		{FB764B9B-6854-4129-994D-8E2949389C7A}.Release|x64.Build.0 = Release|Any CPU
		{FB764B9B-6854-4129-994D-8E2949389C7A}.Release|x86.ActiveCfg = Release|Any CPU
		{FB764B9B-6854-4129-994D-8E2949389C7A}.Release|x86.Build.0 = Release|Any CPU
	EndGlobalSection
	GlobalSection(SolutionProperties) = preSolution
		HideSolutionNode = FALSE
	EndGlobalSection
	GlobalSection(ExtensibilityGlobals) = postSolution
		SolutionGuid = {DCEF4B16-F954-430E-8C84-6E6959E3E933}
	EndGlobalSection
EndGlobal
